
Microsoft Visual Studio Solution File, Format Version 12.00
# Visual Studio Version 16
VisualStudioVersion = 16.0.29920.165
MinimumVisualStudioVersion = 10.0.40219.1
Project("{FAE04EC0-301F-11D3-BF4B-00C04F79EFBC}") = "AirTicket.Web", "AirTicket\AirTicket.Web.csproj", "{532F95C6-1FD3-43D8-B760-07082E821267}"
EndProject
Project("{FAE04EC0-301F-11D3-BF4B-00C04F79EFBC}") = "AirTicket.BusinessLayer", "AirTicket.BusinessLayer\AirTicket.BusinessLayer.csproj", "{DA7B95C6-A726-4BA6-A41D-76CDD0ABD6F2}"
EndProject
Project("{FAE04EC0-301F-11D3-BF4B-00C04F79EFBC}") = "AirTicket.DataLayer", "AirTicket.DataLayer\AirTicket.DataLayer.csproj", "{7E8BEE40-9CDE-4B6C-B276-D05B03B7BC07}"
EndProject
Project("{FAE04EC0-301F-11D3-BF4B-00C04F79EFBC}") = "AirTicket.Entities", "AirTicket.Entities\AirTicket.Entities.csproj", "{F2A8BC69-4EEB-45D5-937A-263FB8E8D94A}"
EndProject
Project("{FAE04EC0-301F-11D3-BF4B-00C04F79EFBC}") = "AirTicket.Test", "AirTicket.Test\AirTicket.Test.csproj", "{673BEEF7-22C3-4B19-919C-50A3299536B5}"
EndProject
Global
	GlobalSection(SolutionConfigurationPlatforms) = preSolution
		Debug|Any CPU = Debug|Any CPU
		Release|Any CPU = Release|Any CPU
	EndGlobalSection
	GlobalSection(ProjectConfigurationPlatforms) = postSolution
		{532F95C6-1FD3-43D8-B760-07082E821267}.Debug|Any CPU.ActiveCfg = Debug|Any CPU
		{532F95C6-1FD3-43D8-B760-07082E821267}.Debug|Any CPU.Build.0 = Debug|Any CPU
		{532F95C6-1FD3-43D8-B760-07082E821267}.Release|Any CPU.ActiveCfg = Release|Any CPU
		{532F95C6-1FD3-43D8-B760-07082E821267}.Release|Any CPU.Build.0 = Release|Any CPU
		{DA7B95C6-A726-4BA6-A41D-76CDD0ABD6F2}.Debug|Any CPU.ActiveCfg = Debug|Any CPU
		{DA7B95C6-A726-4BA6-A41D-76CDD0ABD6F2}.Debug|Any CPU.Build.0 = Debug|Any CPU
		{DA7B95C6-A726-4BA6-A41D-76CDD0ABD6F2}.Release|Any CPU.ActiveCfg = Release|Any CPU
		{DA7B95C6-A726-4BA6-A41D-76CDD0ABD6F2}.Release|Any CPU.Build.0 = Release|Any CPU
		{7E8BEE40-9CDE-4B6C-B276-D05B03B7BC07}.Debug|Any CPU.ActiveCfg = Debug|Any CPU
		{7E8BEE40-9CDE-4B6C-B276-D05B03B7BC07}.Debug|Any CPU.Build.0 = Debug|Any CPU
		{7E8BEE40-9CDE-4B6C-B276-D05B03B7BC07}.Release|Any CPU.ActiveCfg = Release|Any CPU
		{7E8BEE40-9CDE-4B6C-B276-D05B03B7BC07}.Release|Any CPU.Build.0 = Release|Any CPU
		{F2A8BC69-4EEB-45D5-937A-263FB8E8D94A}.Debug|Any CPU.ActiveCfg = Debug|Any CPU
		{F2A8BC69-4EEB-45D5-937A-263FB8E8D94A}.Debug|Any CPU.Build.0 = Debug|Any CPU
		{F2A8BC69-4EEB-45D5-937A-263FB8E8D94A}.Release|Any CPU.ActiveCfg = Release|Any CPU
		{F2A8BC69-4EEB-45D5-937A-263FB8E8D94A}.Release|Any CPU.Build.0 = Release|Any CPU
		{673BEEF7-22C3-4B19-919C-50A3299536B5}.Debug|Any CPU.ActiveCfg = Debug|Any CPU
		{673BEEF7-22C3-4B19-919C-50A3299536B5}.Debug|Any CPU.Build.0 = Debug|Any CPU
		{673BEEF7-22C3-4B19-919C-50A3299536B5}.Release|Any CPU.ActiveCfg = Release|Any CPU
		{673BEEF7-22C3-4B19-919C-50A3299536B5}.Release|Any CPU.Build.0 = Release|Any CPU
	EndGlobalSection
	GlobalSection(SolutionProperties) = preSolution
		HideSolutionNode = FALSE
	EndGlobalSection
	GlobalSection(ExtensibilityGlobals) = postSolution
		SolutionGuid = {635D6436-C2F0-4E39-8BBA-6823D52FFB8F}
	EndGlobalSection
EndGlobal
